// !$*UTF8*$!
{
	archiveVersion = 1;
	classes = {
	};
	objectVersion = 55;
	objects = {

/* Begin PBXBuildFile section */
		5FA31AF427DABA2B00D60FA1 /* Quiz1App.swift in Sources */ = {isa = PBXBuildFile; fileRef = 5FA31AF327DABA2B00D60FA1 /* Quiz1App.swift */; };
		5FA31AF627DABA2B00D60FA1 /* ContentView.swift in Sources */ = {isa = PBXBuildFile; fileRef = 5FA31AF527DABA2B00D60FA1 /* ContentView.swift */; };
		5FA31AF827DABA3400D60FA1 /* Assets.xcassets in Resources */ = {isa = PBXBuildFile; fileRef = 5FA31AF727DABA3400D60FA1 /* Assets.xcassets */; };
		5FA31AFB27DABA3400D60FA1 /* Preview Assets.xcassets in Resources */ = {isa = PBXBuildFile; fileRef = 5FA31AFA27DABA3400D60FA1 /* Preview Assets.xcassets */; };
		5FA31B0527DABA3500D60FA1 /* Quiz1Tests.swift in Sources */ = {isa = PBXBuildFile; fileRef = 5FA31B0427DABA3500D60FA1 /* Quiz1Tests.swift */; };
		5FA31B0F27DABA3500D60FA1 /* Quiz1UITests.swift in Sources */ = {isa = PBXBuildFile; fileRef = 5FA31B0E27DABA3500D60FA1 /* Quiz1UITests.swift */; };
		5FA31B1127DABA3500D60FA1 /* Quiz1UITestsLaunchTests.swift in Sources */ = {isa = PBXBuildFile; fileRef = 5FA31B1027DABA3500D60FA1 /* Quiz1UITestsLaunchTests.swift */; };
/* End PBXBuildFile section */

/* Begin PBXContainerItemProxy section */
		5FA31B0127DABA3400D60FA1 /* PBXContainerItemProxy */ = {
			isa = PBXContainerItemProxy;
			containerPortal = 5FA31AE827DABA2B00D60FA1 /* Project object */;
			proxyType = 1;
			remoteGlobalIDString = 5FA31AEF27DABA2B00D60FA1;
			remoteInfo = Quiz1;
		};
		5FA31B0B27DABA3500D60FA1 /* PBXContainerItemProxy */ = {
			isa = PBXContainerItemProxy;
			containerPortal = 5FA31AE827DABA2B00D60FA1 /* Project object */;
			proxyType = 1;
			remoteGlobalIDString = 5FA31AEF27DABA2B00D60FA1;
			remoteInfo = Quiz1;
		};
/* End PBXContainerItemProxy section */

/* Begin PBXFileReference section */
		5FA31AF027DABA2B00D60FA1 /* Quiz1.app */ = {isa = PBXFileReference; explicitFileType = wrapper.application; includeInIndex = 0; path = Quiz1.app; sourceTree = BUILT_PRODUCTS_DIR; };
		5FA31AF327DABA2B00D60FA1 /* Quiz1App.swift */ = {isa = PBXFileReference; lastKnownFileType = sourcecode.swift; path = Quiz1App.swift; sourceTree = "<group>"; };
		5FA31AF527DABA2B00D60FA1 /* ContentView.swift */ = {isa = PBXFileReference; lastKnownFileType = sourcecode.swift; path = ContentView.swift; sourceTree = "<group>"; };
		5FA31AF727DABA3400D60FA1 /* Assets.xcassets */ = {isa = PBXFileReference; lastKnownFileType = folder.assetcatalog; path = Assets.xcassets; sourceTree = "<group>"; };
		5FA31AFA27DABA3400D60FA1 /* Preview Assets.xcassets */ = {isa = PBXFileReference; lastKnownFileType = folder.assetcatalog; path = "Preview Assets.xcassets"; sourceTree = "<group>"; };
		5FA31B0027DABA3400D60FA1 /* Quiz1Tests.xctest */ = {isa = PBXFileReference; explicitFileType = wrapper.cfbundle; includeInIndex = 0; path = Quiz1Tests.xctest; sourceTree = BUILT_PRODUCTS_DIR; };
		5FA31B0427DABA3500D60FA1 /* Quiz1Tests.swift */ = {isa = PBXFileReference; lastKnownFileType = sourcecode.swift; path = Quiz1Tests.swift; sourceTree = "<group>"; };
		5FA31B0A27DABA3500D60FA1 /* Quiz1UITests.xctest */ = {isa = PBXFileReference; explicitFileType = wrapper.cfbundle; includeInIndex = 0; path = Quiz1UITests.xctest; sourceTree = BUILT_PRODUCTS_DIR; };
		5FA31B0E27DABA3500D60FA1 /* Quiz1UITests.swift */ = {isa = PBXFileReference; lastKnownFileType = sourcecode.swift; path = Quiz1UITests.swift; sourceTree = "<group>"; };
		5FA31B1027DABA3500D60FA1 /* Quiz1UITestsLaunchTests.swift */ = {isa = PBXFileReference; lastKnownFileType = sourcecode.swift; path = Quiz1UITestsLaunchTests.swift; sourceTree = "<group>"; };
/* End PBXFileReference section */

/* Begin PBXFrameworksBuildPhase section */
		5FA31AED27DABA2B00D60FA1 /* Frameworks */ = {
			isa = PBXFrameworksBuildPhase;
			buildActionMask = 2147483647;
			files = (
			);
			runOnlyForDeploymentPostprocessing = 0;
		};
		5FA31AFD27DABA3400D60FA1 /* Frameworks */ = {
			isa = PBXFrameworksBuildPhase;
			buildActionMask = 2147483647;
			files = (
			);
			runOnlyForDeploymentPostprocessing = 0;
		};
		5FA31B0727DABA3500D60FA1 /* Frameworks */ = {
			isa = PBXFrameworksBuildPhase;
			buildActionMask = 2147483647;
			files = (
			);
			runOnlyForDeploymentPostprocessing = 0;
		};
/* End PBXFrameworksBuildPhase section */

/* Begin PBXGroup section */
		5FA31AE727DABA2B00D60FA1 = {
			isa = PBXGroup;
			children = (
				5FA31AF227DABA2B00D60FA1 /* Quiz1 */,
				5FA31B0327DABA3400D60FA1 /* Quiz1Tests */,
				5FA31B0D27DABA3500D60FA1 /* Quiz1UITests */,
				5FA31AF127DABA2B00D60FA1 /* Products */,
			);
			sourceTree = "<group>";
		};
		5FA31AF127DABA2B00D60FA1 /* Products */ = {
			isa = PBXGroup;
			children = (
				5FA31AF027DABA2B00D60FA1 /* Quiz1.app */,
				5FA31B0027DABA3400D60FA1 /* Quiz1Tests.xctest */,
				5FA31B0A27DABA3500D60FA1 /* Quiz1UITests.xctest */,
			);
			name = Products;
			sourceTree = "<group>";
		};
		5FA31AF227DABA2B00D60FA1 /* Quiz1 */ = {
			isa = PBXGroup;
			children = (
				5FA31AF327DABA2B00D60FA1 /* Quiz1App.swift */,
				5FA31AF527DABA2B00D60FA1 /* ContentView.swift */,
				5FA31AF727DABA3400D60FA1 /* Assets.xcassets */,
				5FA31AF927DABA3400D60FA1 /* Preview Content */,
			);
			path = Quiz1;
			sourceTree = "<group>";
		};
		5FA31AF927DABA3400D60FA1 /* Preview Content */ = {
			isa = PBXGroup;
			children = (
				5FA31AFA27DABA3400D60FA1 /* Preview Assets.xcassets */,
			);
			path = "Preview Content";
			sourceTree = "<group>";
		};
		5FA31B0327DABA3400D60FA1 /* Quiz1Tests */ = {
			isa = PBXGroup;
			children = (
				5FA31B0427DABA3500D60FA1 /* Quiz1Tests.swift */,
			);
			path = Quiz1Tests;
			sourceTree = "<group>";
		};
		5FA31B0D27DABA3500D60FA1 /* Quiz1UITests */ = {
			isa = PBXGroup;
			children = (
				5FA31B0E27DABA3500D60FA1 /* Quiz1UITests.swift */,
				5FA31B1027DABA3500D60FA1 /* Quiz1UITestsLaunchTests.swift */,
			);
			path = Quiz1UITests;
			sourceTree = "<group>";
		};
/* End PBXGroup section */

/* Begin PBXNativeTarget section */
		5FA31AEF27DABA2B00D60FA1 /* Quiz1 */ = {
			isa = PBXNativeTarget;
			buildConfigurationList = 5FA31B1427DABA3500D60FA1 /* Build configuration list for PBXNativeTarget "Quiz1" */;
			buildPhases = (
				5FA31AEC27DABA2B00D60FA1 /* Sources */,
				5FA31AED27DABA2B00D60FA1 /* Frameworks */,
				5FA31AEE27DABA2B00D60FA1 /* Resources */,
			);
			buildRules = (
			);
			dependencies = (
			);
			name = Quiz1;
			productName = Quiz1;
			productReference = 5FA31AF027DABA2B00D60FA1 /* Quiz1.app */;
			productType = "com.apple.product-type.application";
		};
		5FA31AFF27DABA3400D60FA1 /* Quiz1Tests */ = {
			isa = PBXNativeTarget;
			buildConfigurationList = 5FA31B1727DABA3500D60FA1 /* Build configuration list for PBXNativeTarget "Quiz1Tests" */;
			buildPhases = (
				5FA31AFC27DABA3400D60FA1 /* Sources */,
				5FA31AFD27DABA3400D60FA1 /* Frameworks */,
				5FA31AFE27DABA3400D60FA1 /* Resources */,
			);
			buildRules = (
			);
			dependencies = (
				5FA31B0227DABA3400D60FA1 /* PBXTargetDependency */,
			);
			name = Quiz1Tests;
			productName = Quiz1Tests;
			productReference = 5FA31B0027DABA3400D60FA1 /* Quiz1Tests.xctest */;
			productType = "com.apple.product-type.bundle.unit-test";
		};
		5FA31B0927DABA3500D60FA1 /* Quiz1UITests */ = {
			isa = PBXNativeTarget;
			buildConfigurationList = 5FA31B1A27DABA3500D60FA1 /* Build configuration list for PBXNativeTarget "Quiz1UITests" */;
			buildPhases = (
				5FA31B0627DABA3500D60FA1 /* Sources */,
				5FA31B0727DABA3500D60FA1 /* Frameworks */,
				5FA31B0827DABA3500D60FA1 /* Resources */,
			);
			buildRules = (
			);
			dependencies = (
				5FA31B0C27DABA3500D60FA1 /* PBXTargetDependency */,
			);
			name = Quiz1UITests;
			productName = Quiz1UITests;
			productReference = 5FA31B0A27DABA3500D60FA1 /* Quiz1UITests.xctest */;
			productType = "com.apple.product-type.bundle.ui-testing";
		};
/* End PBXNativeTarget section */

/* Begin PBXProject section */
		5FA31AE827DABA2B00D60FA1 /* Project object */ = {
			isa = PBXProject;
			attributes = {
				BuildIndependentTargetsInParallel = 1;
				LastSwiftUpdateCheck = 1320;
				LastUpgradeCheck = 1320;
				TargetAttributes = {
					5FA31AEF27DABA2B00D60FA1 = {
						CreatedOnToolsVersion = 13.2.1;
					};
					5FA31AFF27DABA3400D60FA1 = {
						CreatedOnToolsVersion = 13.2.1;
						TestTargetID = 5FA31AEF27DABA2B00D60FA1;
					};
					5FA31B0927DABA3500D60FA1 = {
						CreatedOnToolsVersion = 13.2.1;
						TestTargetID = 5FA31AEF27DABA2B00D60FA1;
					};
				};
			};
			buildConfigurationList = 5FA31AEB27DABA2B00D60FA1 /* Build configuration list for PBXProject "Quiz1" */;
			compatibilityVersion = "Xcode 13.0";
			developmentRegion = en;
			hasScannedForEncodings = 0;
			knownRegions = (
				en,
				Base,
			);
			mainGroup = 5FA31AE727DABA2B00D60FA1;
			productRefGroup = 5FA31AF127DABA2B00D60FA1 /* Products */;
			projectDirPath = "";
			projectRoot = "";
			targets = (
				5FA31AEF27DABA2B00D60FA1 /* Quiz1 */,
				5FA31AFF27DABA3400D60FA1 /* Quiz1Tests */,
				5FA31B0927DABA3500D60FA1 /* Quiz1UITests */,
			);
		};
/* End PBXProject section */

/* Begin PBXResourcesBuildPhase section */
		5FA31AEE27DABA2B00D60FA1 /* Resources */ = {
			isa = PBXResourcesBuildPhase;
			buildActionMask = 2147483647;
			files = (
				5FA31AFB27DABA3400D60FA1 /* Preview Assets.xcassets in Resources */,
				5FA31AF827DABA3400D60FA1 /* Assets.xcassets in Resources */,
			);
			runOnlyForDeploymentPostprocessing = 0;
		};
		5FA31AFE27DABA3400D60FA1 /* Resources */ = {
			isa = PBXResourcesBuildPhase;
			buildActionMask = 2147483647;
			files = (
			);
			runOnlyForDeploymentPostprocessing = 0;
		};
		5FA31B0827DABA3500D60FA1 /* Resources */ = {
			isa = PBXResourcesBuildPhase;
			buildActionMask = 2147483647;
			files = (
			);
			runOnlyForDeploymentPostprocessing = 0;
		};
/* End PBXResourcesBuildPhase section */

/* Begin PBXSourcesBuildPhase section */
		5FA31AEC27DABA2B00D60FA1 /* Sources */ = {
			isa = PBXSourcesBuildPhase;
			buildActionMask = 2147483647;
			files = (
				5FA31AF627DABA2B00D60FA1 /* ContentView.swift in Sources */,
				5FA31AF427DABA2B00D60FA1 /* Quiz1App.swift in Sources */,
			);
			runOnlyForDeploymentPostprocessing = 0;
		};
		5FA31AFC27DABA3400D60FA1 /* Sources */ = {
			isa = PBXSourcesBuildPhase;
			buildActionMask = 2147483647;
			files = (
				5FA31B0527DABA3500D60FA1 /* Quiz1Tests.swift in Sources */,
			);
			runOnlyForDeploymentPostprocessing = 0;
		};
		5FA31B0627DABA3500D60FA1 /* Sources */ = {
			isa = PBXSourcesBuildPhase;
			buildActionMask = 2147483647;
			files = (
				5FA31B0F27DABA3500D60FA1 /* Quiz1UITests.swift in Sources */,
				5FA31B1127DABA3500D60FA1 /* Quiz1UITestsLaunchTests.swift in Sources */,
			);
			runOnlyForDeploymentPostprocessing = 0;
		};
/* End PBXSourcesBuildPhase section */

/* Begin PBXTargetDependency section */
		5FA31B0227DABA3400D60FA1 /* PBXTargetDependency */ = {
			isa = PBXTargetDependency;
			target = 5FA31AEF27DABA2B00D60FA1 /* Quiz1 */;
			targetProxy = 5FA31B0127DABA3400D60FA1 /* PBXContainerItemProxy */;
		};
		5FA31B0C27DABA3500D60FA1 /* PBXTargetDependency */ = {
			isa = PBXTargetDependency;
			target = 5FA31AEF27DABA2B00D60FA1 /* Quiz1 */;
			targetProxy = 5FA31B0B27DABA3500D60FA1 /* PBXContainerItemProxy */;
		};
/* End PBXTargetDependency section */

/* Begin XCBuildConfiguration section */
		5FA31B1227DABA3500D60FA1 /* Debug */ = {
			isa = XCBuildConfiguration;
			buildSettings = {
				ALWAYS_SEARCH_USER_PATHS = NO;
				CLANG_ANALYZER_NONNULL = YES;
				CLANG_ANALYZER_NUMBER_OBJECT_CONVERSION = YES_AGGRESSIVE;
				CLANG_CXX_LANGUAGE_STANDARD = "gnu++17";
				CLANG_CXX_LIBRARY = "libc++";
				CLANG_ENABLE_MODULES = YES;
				CLANG_ENABLE_OBJC_ARC = YES;
				CLANG_ENABLE_OBJC_WEAK = YES;
				CLANG_WARN_BLOCK_CAPTURE_AUTORELEASING = YES;
				CLANG_WARN_BOOL_CONVERSION = YES;
				CLANG_WARN_COMMA = YES;
				CLANG_WARN_CONSTANT_CONVERSION = YES;
				CLANG_WARN_DEPRECATED_OBJC_IMPLEMENTATIONS = YES;
				CLANG_WARN_DIRECT_OBJC_ISA_USAGE = YES_ERROR;
				CLANG_WARN_DOCUMENTATION_COMMENTS = YES;
				CLANG_WARN_EMPTY_BODY = YES;
				CLANG_WARN_ENUM_CONVERSION = YES;
				CLANG_WARN_INFINITE_RECURSION = YES;
				CLANG_WARN_INT_CONVERSION = YES;
				CLANG_WARN_NON_LITERAL_NULL_CONVERSION = YES;
				CLANG_WARN_OBJC_IMPLICIT_RETAIN_SELF = YES;
				CLANG_WARN_OBJC_LITERAL_CONVERSION = YES;
				CLANG_WARN_OBJC_ROOT_CLASS = YES_ERROR;
				CLANG_WARN_QUOTED_INCLUDE_IN_FRAMEWORK_HEADER = YES;
				CLANG_WARN_RANGE_LOOP_ANALYSIS = YES;
				CLANG_WARN_STRICT_PROTOTYPES = YES;
				CLANG_WARN_SUSPICIOUS_MOVE = YES;
				CLANG_WARN_UNGUARDED_AVAILABILITY = YES_AGGRESSIVE;
				CLANG_WARN_UNREACHABLE_CODE = YES;
				CLANG_WARN__DUPLICATE_METHOD_MATCH = YES;
				COPY_PHASE_STRIP = NO;
				DEBUG_INFORMATION_FORMAT = dwarf;
				ENABLE_STRICT_OBJC_MSGSEND = YES;
				ENABLE_TESTABILITY = YES;
				GCC_C_LANGUAGE_STANDARD = gnu11;
				GCC_DYNAMIC_NO_PIC = NO;
				GCC_NO_COMMON_BLOCKS = YES;
				GCC_OPTIMIZATION_LEVEL = 0;
				GCC_PREPROCESSOR_DEFINITIONS = (
					"DEBUG=1",
					"$(inherited)",
				);
				GCC_WARN_64_TO_32_BIT_CONVERSION = YES;
				GCC_WARN_ABOUT_RETURN_TYPE = YES_ERROR;
				GCC_WARN_UNDECLARED_SELECTOR = YES;
				GCC_WARN_UNINITIALIZED_AUTOS = YES_AGGRESSIVE;
				GCC_WARN_UNUSED_FUNCTION = YES;
				GCC_WARN_UNUSED_VARIABLE = YES;
				IPHONEOS_DEPLOYMENT_TARGET = 15.2;
				MTL_ENABLE_DEBUG_INFO = INCLUDE_SOURCE;
				MTL_FAST_MATH = YES;
				ONLY_ACTIVE_ARCH = YES;
				SDKROOT = iphoneos;
				SWIFT_ACTIVE_COMPILATION_CONDITIONS = DEBUG;
				SWIFT_OPTIMIZATION_LEVEL = "-Onone";
			};
			name = Debug;
		};
		5FA31B1327DABA3500D60FA1 /* Release */ = {
			isa = XCBuildConfiguration;
			buildSettings = {
				ALWAYS_SEARCH_USER_PATHS = NO;
				CLANG_ANALYZER_NONNULL = YES;
				CLANG_ANALYZER_NUMBER_OBJECT_CONVERSION = YES_AGGRESSIVE;
				CLANG_CXX_LANGUAGE_STANDARD = "gnu++17";
				CLANG_CXX_LIBRARY = "libc++";
				CLANG_ENABLE_MODULES = YES;
				CLANG_ENABLE_OBJC_ARC = YES;
				CLANG_ENABLE_OBJC_WEAK = YES;
				CLANG_WARN_BLOCK_CAPTURE_AUTORELEASING = YES;
				CLANG_WARN_BOOL_CONVERSION = YES;
				CLANG_WARN_COMMA = YES;
				CLANG_WARN_CONSTANT_CONVERSION = YES;
				CLANG_WARN_DEPRECATED_OBJC_IMPLEMENTATIONS = YES;
				CLANG_WARN_DIRECT_OBJC_ISA_USAGE = YES_ERROR;
				CLANG_WARN_DOCUMENTATION_COMMENTS = YES;
				CLANG_WARN_EMPTY_BODY = YES;
				CLANG_WARN_ENUM_CONVERSION = YES;
				CLANG_WARN_INFINITE_RECURSION = YES;
				CLANG_WARN_INT_CONVERSION = YES;
				CLANG_WARN_NON_LITERAL_NULL_CONVERSION = YES;
				CLANG_WARN_OBJC_IMPLICIT_RETAIN_SELF = YES;
				CLANG_WARN_OBJC_LITERAL_CONVERSION = YES;
				CLANG_WARN_OBJC_ROOT_CLASS = YES_ERROR;
				CLANG_WARN_QUOTED_INCLUDE_IN_FRAMEWORK_HEADER = YES;
				CLANG_WARN_RANGE_LOOP_ANALYSIS = YES;
				CLANG_WARN_STRICT_PROTOTYPES = YES;
				CLANG_WARN_SUSPICIOUS_MOVE = YES;
				CLANG_WARN_UNGUARDED_AVAILABILITY = YES_AGGRESSIVE;
				CLANG_WARN_UNREACHABLE_CODE = YES;
				CLANG_WARN__DUPLICATE_METHOD_MATCH = YES;
				COPY_PHASE_STRIP = NO;
				DEBUG_INFORMATION_FORMAT = "dwarf-with-dsym";
				ENABLE_NS_ASSERTIONS = NO;
				ENABLE_STRICT_OBJC_MSGSEND = YES;
				GCC_C_LANGUAGE_STANDARD = gnu11;
				GCC_NO_COMMON_BLOCKS = YES;
				GCC_WARN_64_TO_32_BIT_CONVERSION = YES;
				GCC_WARN_ABOUT_RETURN_TYPE = YES_ERROR;
				GCC_WARN_UNDECLARED_SELECTOR = YES;
				GCC_WARN_UNINITIALIZED_AUTOS = YES_AGGRESSIVE;
				GCC_WARN_UNUSED_FUNCTION = YES;
				GCC_WARN_UNUSED_VARIABLE = YES;
				IPHONEOS_DEPLOYMENT_TARGET = 15.2;
				MTL_ENABLE_DEBUG_INFO = NO;
				MTL_FAST_MATH = YES;
				SDKROOT = iphoneos;
				SWIFT_COMPILATION_MODE = wholemodule;
				SWIFT_OPTIMIZATION_LEVEL = "-O";
				VALIDATE_PRODUCT = YES;
			};
			name = Release;
		};
		5FA31B1527DABA3500D60FA1 /* Debug */ = {
			isa = XCBuildConfiguration;
			buildSettings = {
				ASSETCATALOG_COMPILER_APPICON_NAME = AppIcon;
				ASSETCATALOG_COMPILER_GLOBAL_ACCENT_COLOR_NAME = AccentColor;
				CODE_SIGN_STYLE = Automatic;
				CURRENT_PROJECT_VERSION = 1;
				DEVELOPMENT_ASSET_PATHS = "\"Quiz1/Preview Content\"";
				DEVELOPMENT_TEAM = T5TNS29MH2;
				ENABLE_PREVIEWS = YES;
				GENERATE_INFOPLIST_FILE = YES;
				INFOPLIST_KEY_UIApplicationSceneManifest_Generation = YES;
				INFOPLIST_KEY_UIApplicationSupportsIndirectInputEvents = YES;
				INFOPLIST_KEY_UILaunchScreen_Generation = YES;
				INFOPLIST_KEY_UISupportedInterfaceOrientations_iPad = "UIInterfaceOrientationPortrait UIInterfaceOrientationPortraitUpsideDown UIInterfaceOrientationLandscapeLeft UIInterfaceOrientationLandscapeRight";
				INFOPLIST_KEY_UISupportedInterfaceOrientations_iPhone = "UIInterfaceOrientationPortrait UIInterfaceOrientationLandscapeLeft UIInterfaceOrientationLandscapeRight";
				LD_RUNPATH_SEARCH_PATHS = (
					"$(inherited)",
					"@executable_path/Frameworks",
				);
				MARKETING_VERSION = 1.0;
				PRODUCT_BUNDLE_IDENTIFIER = ca.vcc.hj.Quiz1;
				PRODUCT_NAME = "$(TARGET_NAME)";
				SWIFT_EMIT_LOC_STRINGS = YES;
				SWIFT_VERSION = 5.0;
				TARGETED_DEVICE_FAMILY = "1,2";
			};
			name = Debug;
		};
		5FA31B1627DABA3500D60FA1 /* Release */ = {
			isa = XCBuildConfiguration;
			buildSettings = {
				ASSETCATALOG_COMPILER_APPICON_NAME = AppIcon;
				ASSETCATALOG_COMPILER_GLOBAL_ACCENT_COLOR_NAME = AccentColor;
				CODE_SIGN_STYLE = Automatic;
				CURRENT_PROJECT_VERSION = 1;
				DEVELOPMENT_ASSET_PATHS = "\"Quiz1/Preview Content\"";
				DEVELOPMENT_TEAM = T5TNS29MH2;
				ENABLE_PREVIEWS = YES;
				GENERATE_INFOPLIST_FILE = YES;
				INFOPLIST_KEY_UIApplicationSceneManifest_Generation = YES;
				INFOPLIST_KEY_UIApplicationSupportsIndirectInputEvents = YES;
				INFOPLIST_KEY_UILaunchScreen_Generation = YES;
				INFOPLIST_KEY_UISupportedInterfaceOrientations_iPad = "UIInterfaceOrientationPortrait UIInterfaceOrientationPortraitUpsideDown UIInterfaceOrientationLandscapeLeft UIInterfaceOrientationLandscapeRight";
				INFOPLIST_KEY_UISupportedInterfaceOrientations_iPhone = "UIInterfaceOrientationPortrait UIInterfaceOrientationLandscapeLeft UIInterfaceOrientationLandscapeRight";
				LD_RUNPATH_SEARCH_PATHS = (
					"$(inherited)",
					"@executable_path/Frameworks",
				);
				MARKETING_VERSION = 1.0;
				PRODUCT_BUNDLE_IDENTIFIER = ca.vcc.hj.Quiz1;
				PRODUCT_NAME = "$(TARGET_NAME)";
				SWIFT_EMIT_LOC_STRINGS = YES;
				SWIFT_VERSION = 5.0;
				TARGETED_DEVICE_FAMILY = "1,2";
			};
			name = Release;
		};
		5FA31B1827DABA3500D60FA1 /* Debug */ = {
			isa = XCBuildConfiguration;
			buildSettings = {
				ALWAYS_EMBED_SWIFT_STANDARD_LIBRARIES = YES;
				BUNDLE_LOADER = "$(TEST_HOST)";
				CODE_SIGN_STYLE = Automatic;
				CURRENT_PROJECT_VERSION = 1;
				DEVELOPMENT_TEAM = T5TNS29MH2;
				GENERATE_INFOPLIST_FILE = YES;
				IPHONEOS_DEPLOYMENT_TARGET = 15.2;
				MARKETING_VERSION = 1.0;
				PRODUCT_BUNDLE_IDENTIFIER = ca.vcc.hj.Quiz1Tests;
				PRODUCT_NAME = "$(TARGET_NAME)";
				SWIFT_EMIT_LOC_STRINGS = NO;
				SWIFT_VERSION = 5.0;
				TARGETED_DEVICE_FAMILY = "1,2";
				TEST_HOST = "$(BUILT_PRODUCTS_DIR)/Quiz1.app/Quiz1";
			};
			name = Debug;
		};
		5FA31B1927DABA3500D60FA1 /* Release */ = {
			isa = XCBuildConfiguration;
			buildSettings = {
				ALWAYS_EMBED_SWIFT_STANDARD_LIBRARIES = YES;
				BUNDLE_LOADER = "$(TEST_HOST)";
				CODE_SIGN_STYLE = Automatic;
				CURRENT_PROJECT_VERSION = 1;
				DEVELOPMENT_TEAM = T5TNS29MH2;
				GENERATE_INFOPLIST_FILE = YES;
				IPHONEOS_DEPLOYMENT_TARGET = 15.2;
				MARKETING_VERSION = 1.0;
				PRODUCT_BUNDLE_IDENTIFIER = ca.vcc.hj.Quiz1Tests;
				PRODUCT_NAME = "$(TARGET_NAME)";
				SWIFT_EMIT_LOC_STRINGS = NO;
				SWIFT_VERSION = 5.0;
				TARGETED_DEVICE_FAMILY = "1,2";
				TEST_HOST = "$(BUILT_PRODUCTS_DIR)/Quiz1.app/Quiz1";
			};
			name = Release;
		};
		5FA31B1B27DABA3500D60FA1 /* Debug */ = {
			isa = XCBuildConfiguration;
			buildSettings = {
				ALWAYS_EMBED_SWIFT_STANDARD_LIBRARIES = YES;
				CODE_SIGN_STYLE = Automatic;
				CURRENT_PROJECT_VERSION = 1;
				DEVELOPMENT_TEAM = T5TNS29MH2;
				GENERATE_INFOPLIST_FILE = YES;
				MARKETING_VERSION = 1.0;
				PRODUCT_BUNDLE_IDENTIFIER = ca.vcc.hj.Quiz1UITests;
				PRODUCT_NAME = "$(TARGET_NAME)";
				SWIFT_EMIT_LOC_STRINGS = NO;
				SWIFT_VERSION = 5.0;
				TARGETED_DEVICE_FAMILY = "1,2";
				TEST_TARGET_NAME = Quiz1;
			};
			name = Debug;
		};
		5FA31B1C27DABA3500D60FA1 /* Release */ = {
			isa = XCBuildConfiguration;
			buildSettings = {
				ALWAYS_EMBED_SWIFT_STANDARD_LIBRARIES = YES;
				CODE_SIGN_STYLE = Automatic;
				CURRENT_PROJECT_VERSION = 1;
				DEVELOPMENT_TEAM = T5TNS29MH2;
				GENERATE_INFOPLIST_FILE = YES;
				MARKETING_VERSION = 1.0;
				PRODUCT_BUNDLE_IDENTIFIER = ca.vcc.hj.Quiz1UITests;
				PRODUCT_NAME = "$(TARGET_NAME)";
				SWIFT_EMIT_LOC_STRINGS = NO;
				SWIFT_VERSION = 5.0;
				TARGETED_DEVICE_FAMILY = "1,2";
				TEST_TARGET_NAME = Quiz1;
			};
			name = Release;
		};
/* End XCBuildConfiguration section */

/* Begin XCConfigurationList section */
		5FA31AEB27DABA2B00D60FA1 /* Build configuration list for PBXProject "Quiz1" */ = {
			isa = XCConfigurationList;
			buildConfigurations = (
				5FA31B1227DABA3500D60FA1 /* Debug */,
				5FA31B1327DABA3500D60FA1 /* Release */,
			);
			defaultConfigurationIsVisible = 0;
			defaultConfigurationName = Release;
		};
		5FA31B1427DABA3500D60FA1 /* Build configuration list for PBXNativeTarget "Quiz1" */ = {
			isa = XCConfigurationList;
			buildConfigurations = (
				5FA31B1527DABA3500D60FA1 /* Debug */,
				5FA31B1627DABA3500D60FA1 /* Release */,
			);
			defaultConfigurationIsVisible = 0;
			defaultConfigurationName = Release;
		};
		5FA31B1727DABA3500D60FA1 /* Build configuration list for PBXNativeTarget "Quiz1Tests" */ = {
			isa = XCConfigurationList;
			buildConfigurations = (
				5FA31B1827DABA3500D60FA1 /* Debug */,
				5FA31B1927DABA3500D60FA1 /* Release */,
			);
			defaultConfigurationIsVisible = 0;
			defaultConfigurationName = Release;
		};
		5FA31B1A27DABA3500D60FA1 /* Build configuration list for PBXNativeTarget "Quiz1UITests" */ = {
			isa = XCConfigurationList;
			buildConfigurations = (
				5FA31B1B27DABA3500D60FA1 /* Debug */,
				5FA31B1C27DABA3500D60FA1 /* Release */,
			);
			defaultConfigurationIsVisible = 0;
			defaultConfigurationName = Release;
		};
/* End XCConfigurationList section */
	};
	rootObject = 5FA31AE827DABA2B00D60FA1 /* Project object */;
}
